{
  "name": "start-model-version",
  "version": "1.0.0",
  "lockfileVersion": 1,
  "requires": true,
  "dependencies": {
    "@aws-crypto/ie11-detection": {
      "version": "1.0.0",
      "resolved": "https://registry.npmjs.org/@aws-crypto/ie11-detection/-/ie11-detection-1.0.0.tgz",
      "integrity": "sha512-kCKVhCF1oDxFYgQrxXmIrS5oaWulkvRcPz+QBDMsUr2crbF4VGgGT6+uQhSwJFdUAQ2A//Vq+uT83eJrkzFgXA==",
      "dev": true,
      "requires": {
        "tslib": "^1.11.1"
      },
      "dependencies": {
        "tslib": {
          "version": "1.14.1",
          "resolved": "https://registry.npmjs.org/tslib/-/tslib-1.14.1.tgz",
          "integrity": "sha512-Xni35NKzjgMrwevysHTCArtLDpPvye8zV/0E4EyYn43P7/7qvQwPh9BGkHewbMulVntbigmcT7rdX3BNo9wRJg==",
          "dev": true
        }
      }
    },
    "@aws-crypto/sha256-browser": {
      "version": "1.1.1",
      "resolved": "https://registry.npmjs.org/@aws-crypto/sha256-browser/-/sha256-browser-1.1.1.tgz",
      "integrity": "sha512-nS4vdan97It6HcweV58WXtjPbPSc0JXd3sAwlw3Ou5Mc3WllSycAS32Tv2LRn8butNQoU9AE3jEQAOgiMdNC1Q==",
      "dev": true,
      "requires": {
        "@aws-crypto/ie11-detection": "^1.0.0",
        "@aws-crypto/sha256-js": "^1.1.0",
        "@aws-crypto/supports-web-crypto": "^1.0.0",
        "@aws-sdk/types": "^3.1.0",
        "@aws-sdk/util-locate-window": "^3.0.0",
        "@aws-sdk/util-utf8-browser": "^3.0.0",
        "tslib": "^1.11.1"
      },
      "dependencies": {
        "tslib": {
          "version": "1.14.1",
          "resolved": "https://registry.npmjs.org/tslib/-/tslib-1.14.1.tgz",
          "integrity": "sha512-Xni35NKzjgMrwevysHTCArtLDpPvye8zV/0E4EyYn43P7/7qvQwPh9BGkHewbMulVntbigmcT7rdX3BNo9wRJg==",
          "dev": true
        }
      }
    },
    "@aws-crypto/sha256-js": {
      "version": "1.1.0",
      "resolved": "https://registry.npmjs.org/@aws-crypto/sha256-js/-/sha256-js-1.1.0.tgz",
      "integrity": "sha512-VIhuqbPgXDVr8sZe2yhgQcDRRmzf4CI8fmC1A3bHiRfE6wlz1d8KpeemqbuoEHotz/Dch9yOxlshyQDNjNFeHA==",
      "dev": true,
      "requires": {
        "@aws-sdk/types": "^3.1.0",
        "@aws-sdk/util-utf8-browser": "^3.0.0",
        "tslib": "^1.11.1"
      },
      "dependencies": {
        "tslib": {
          "version": "1.14.1",
          "resolved": "https://registry.npmjs.org/tslib/-/tslib-1.14.1.tgz",
          "integrity": "sha512-Xni35NKzjgMrwevysHTCArtLDpPvye8zV/0E4EyYn43P7/7qvQwPh9BGkHewbMulVntbigmcT7rdX3BNo9wRJg==",
          "dev": true
        }
      }
    },
    "@aws-crypto/supports-web-crypto": {
      "version": "1.0.0",
      "resolved": "https://registry.npmjs.org/@aws-crypto/supports-web-crypto/-/supports-web-crypto-1.0.0.tgz",
      "integrity": "sha512-IHLfv+WmVH89EW4n6a5eE8/hUlz6qkWGMn/v4r5ZgzcXdTC5nolii2z3k46y01hWRiC2PPhOdeSLzMUCUMco7g==",
      "dev": true,
      "requires": {
        "tslib": "^1.11.1"
      },
      "dependencies": {
        "tslib": {
          "version": "1.14.1",
          "resolved": "https://registry.npmjs.org/tslib/-/tslib-1.14.1.tgz",
          "integrity": "sha512-Xni35NKzjgMrwevysHTCArtLDpPvye8zV/0E4EyYn43P7/7qvQwPh9BGkHewbMulVntbigmcT7rdX3BNo9wRJg==",
          "dev": true
        }
      }
    },
    "@aws-sdk/abort-controller": {
      "version": "3.25.0",
      "resolved": "https://registry.npmjs.org/@aws-sdk/abort-controller/-/abort-controller-3.25.0.tgz",
      "integrity": "sha512-uEVKqKkPVz6atbCxCNJY5O7V+ieSK8crUswXo8/WePyEbGEgxJ4t9x/WG4lV8kBjelmvQHDR4GqfJmb5Sh9xSg==",
      "dev": true,
      "requires": {
        "@aws-sdk/types": "3.25.0",
        "tslib": "^2.3.0"
      }
    },
    "@aws-sdk/client-rekognition": {
      "version": "3.26.0",
      "resolved": "https://registry.npmjs.org/@aws-sdk/client-rekognition/-/client-rekognition-3.26.0.tgz",
      "integrity": "sha512-lO5LdQy907DsnWLNMIxRJvbCVBP+ECcN+BheHjaLFQGUrZBYc5zASh7mjPEr7uta7pognY3eddxLpAhVKGZT7w==",
      "dev": true,
      "requires": {
        "@aws-crypto/sha256-browser": "^1.0.0",
        "@aws-crypto/sha256-js": "^1.0.0",
        "@aws-sdk/client-sts": "3.26.0",
        "@aws-sdk/config-resolver": "3.25.0",
        "@aws-sdk/credential-provider-node": "3.26.0",
        "@aws-sdk/fetch-http-handler": "3.25.0",
        "@aws-sdk/hash-node": "3.25.0",
        "@aws-sdk/invalid-dependency": "3.25.0",
        "@aws-sdk/middleware-content-length": "3.25.0",
        "@aws-sdk/middleware-host-header": "3.25.0",
        "@aws-sdk/middleware-logger": "3.25.0",
        "@aws-sdk/middleware-retry": "3.25.0",
        "@aws-sdk/middleware-serde": "3.25.0",
        "@aws-sdk/middleware-signing": "3.25.0",
        "@aws-sdk/middleware-stack": "3.25.0",
        "@aws-sdk/middleware-user-agent": "3.25.0",
        "@aws-sdk/node-config-provider": "3.25.0",
        "@aws-sdk/node-http-handler": "3.25.0",
        "@aws-sdk/protocol-http": "3.25.0",
        "@aws-sdk/smithy-client": "3.25.0",
        "@aws-sdk/types": "3.25.0",
        "@aws-sdk/url-parser": "3.25.0",
        "@aws-sdk/util-base64-browser": "3.23.0",
        "@aws-sdk/util-base64-node": "3.23.0",
        "@aws-sdk/util-body-length-browser": "3.23.0",
        "@aws-sdk/util-body-length-node": "3.23.0",
        "@aws-sdk/util-user-agent-browser": "3.25.0",
        "@aws-sdk/util-user-agent-node": "3.25.0",
        "@aws-sdk/util-utf8-browser": "3.23.0",
        "@aws-sdk/util-utf8-node": "3.23.0",
        "@aws-sdk/util-waiter": "3.25.0",
        "tslib": "^2.3.0"
      }
    },
    "@aws-sdk/client-sso": {
      "version": "3.25.0",
      "resolved": "https://registry.npmjs.org/@aws-sdk/client-sso/-/client-sso-3.25.0.tgz",
      "integrity": "sha512-b8v4tb7rncnqE5ktBlQEckFdNT+Pk2mBg4e1Uc9C1Z3XmZM+wOWtlbu+KRvgMgDWSx2FzLIjAKe3mLaM4o1Xhg==",
      "dev": true,
      "requires": {
        "@aws-crypto/sha256-browser": "^1.0.0",
        "@aws-crypto/sha256-js": "^1.0.0",
        "@aws-sdk/config-resolver": "3.25.0",
        "@aws-sdk/fetch-http-handler": "3.25.0",
        "@aws-sdk/hash-node": "3.25.0",
        "@aws-sdk/invalid-dependency": "3.25.0",
        "@aws-sdk/middleware-content-length": "3.25.0",
        "@aws-sdk/middleware-host-header": "3.25.0",
        "@aws-sdk/middleware-logger": "3.25.0",
        "@aws-sdk/middleware-retry": "3.25.0",
        "@aws-sdk/middleware-serde": "3.25.0",
        "@aws-sdk/middleware-stack": "3.25.0",
        "@aws-sdk/middleware-user-agent": "3.25.0",
        "@aws-sdk/node-config-provider": "3.25.0",
        "@aws-sdk/node-http-handler": "3.25.0",
        "@aws-sdk/protocol-http": "3.25.0",
        "@aws-sdk/smithy-client": "3.25.0",
        "@aws-sdk/types": "3.25.0",
        "@aws-sdk/url-parser": "3.25.0",
        "@aws-sdk/util-base64-browser": "3.23.0",
        "@aws-sdk/util-base64-node": "3.23.0",
        "@aws-sdk/util-body-length-browser": "3.23.0",
        "@aws-sdk/util-body-length-node": "3.23.0",
        "@aws-sdk/util-user-agent-browser": "3.25.0",
        "@aws-sdk/util-user-agent-node": "3.25.0",
        "@aws-sdk/util-utf8-browser": "3.23.0",
        "@aws-sdk/util-utf8-node": "3.23.0",
        "tslib": "^2.3.0"
      }
    },
    "@aws-sdk/client-sts": {
      "version": "3.26.0",
      "resolved": "https://registry.npmjs.org/@aws-sdk/client-sts/-/client-sts-3.26.0.tgz",
      "integrity": "sha512-GDo4rWf4lDQciyUiZiG3BGrhgN/FhH7LWCjXINClAp2HXiZ+wGVh+9pE0w1xYZEQLDNkEuuvAvivQ90JcNDhjw==",
      "dev": true,
      "requires": {
        "@aws-crypto/sha256-browser": "^1.0.0",
        "@aws-crypto/sha256-js": "^1.0.0",
        "@aws-sdk/config-resolver": "3.25.0",
        "@aws-sdk/credential-provider-node": "3.26.0",
        "@aws-sdk/fetch-http-handler": "3.25.0",
        "@aws-sdk/hash-node": "3.25.0",
        "@aws-sdk/invalid-dependency": "3.25.0",
        "@aws-sdk/middleware-content-length": "3.25.0",
        "@aws-sdk/middleware-host-header": "3.25.0",
        "@aws-sdk/middleware-logger": "3.25.0",
        "@aws-sdk/middleware-retry": "3.25.0",
        "@aws-sdk/middleware-sdk-sts": "3.25.0",
        "@aws-sdk/middleware-serde": "3.25.0",
        "@aws-sdk/middleware-signing": "3.25.0",
        "@aws-sdk/middleware-stack": "3.25.0",
        "@aws-sdk/middleware-user-agent": "3.25.0",
        "@aws-sdk/node-config-provider": "3.25.0",
        "@aws-sdk/node-http-handler": "3.25.0",
        "@aws-sdk/protocol-http": "3.25.0",
        "@aws-sdk/smithy-client": "3.25.0",
        "@aws-sdk/types": "3.25.0",
        "@aws-sdk/url-parser": "3.25.0",
        "@aws-sdk/util-base64-browser": "3.23.0",
        "@aws-sdk/util-base64-node": "3.23.0",
        "@aws-sdk/util-body-length-browser": "3.23.0",
        "@aws-sdk/util-body-length-node": "3.23.0",
        "@aws-sdk/util-user-agent-browser": "3.25.0",
        "@aws-sdk/util-user-agent-node": "3.25.0",
        "@aws-sdk/util-utf8-browser": "3.23.0",
        "@aws-sdk/util-utf8-node": "3.23.0",
        "entities": "2.2.0",
        "fast-xml-parser": "3.19.0",
        "tslib": "^2.3.0"
      }
    },
    "@aws-sdk/config-resolver": {
      "version": "3.25.0",
      "resolved": "https://registry.npmjs.org/@aws-sdk/config-resolver/-/config-resolver-3.25.0.tgz",
      "integrity": "sha512-t5CE90jYkxQyGGxG22atf8040lHuL17wptGp1kN8nSxaG6PudKhxQuHPAGYt6FHgrqqeyFccp/P3jiDSjqUaVw==",
      "dev": true,
      "requires": {
        "@aws-sdk/signature-v4": "3.25.0",
        "@aws-sdk/types": "3.25.0",
        "tslib": "^2.3.0"
      }
    },
    "@aws-sdk/credential-provider-env": {
      "version": "3.25.0",
      "resolved": "https://registry.npmjs.org/@aws-sdk/credential-provider-env/-/credential-provider-env-3.25.0.tgz",
      "integrity": "sha512-I65/PNGQG+ktt1QSHCWwQ8v7QRK1eRdLkQl3zB5rwBuANbQ3Yu+vA+lAwU+IbpGCOEpHJO3lDN330It5B4Rtvg==",
      "dev": true,
      "requires": {
        "@aws-sdk/property-provider": "3.25.0",
        "@aws-sdk/types": "3.25.0",
        "tslib": "^2.3.0"
      }
    },
    "@aws-sdk/credential-provider-imds": {
      "version": "3.26.0",
      "resolved": "https://registry.npmjs.org/@aws-sdk/credential-provider-imds/-/credential-provider-imds-3.26.0.tgz",
      "integrity": "sha512-DJRyDdULqqKLB1yamBhDl8ij80JB7SwN7qSpaNTXuKhdAFP1JaX5Q62WtZsC9RGmUDOPNh92dP72HewKJ+Spig==",
      "dev": true,
      "requires": {
        "@aws-sdk/node-config-provider": "3.25.0",
        "@aws-sdk/property-provider": "3.25.0",
        "@aws-sdk/types": "3.25.0",
        "@aws-sdk/url-parser": "3.25.0",
        "tslib": "^2.3.0"
      }
    },
    "@aws-sdk/credential-provider-ini": {
      "version": "3.26.0",
      "resolved": "https://registry.npmjs.org/@aws-sdk/credential-provider-ini/-/credential-provider-ini-3.26.0.tgz",
      "integrity": "sha512-1liyjEPSNiA4HXFUP8CuHYnQ63mRzMsMgg3gfNdFAFCsmmI8BdopZgSuHNh8ZGL34dNWR/U3DlKwpwDuuIIKuA==",
      "dev": true,
      "requires": {
        "@aws-sdk/credential-provider-env": "3.25.0",
        "@aws-sdk/credential-provider-imds": "3.26.0",
        "@aws-sdk/credential-provider-sso": "3.25.0",
        "@aws-sdk/credential-provider-web-identity": "3.25.0",
        "@aws-sdk/property-provider": "3.25.0",
        "@aws-sdk/shared-ini-file-loader": "3.23.0",
        "@aws-sdk/types": "3.25.0",
        "@aws-sdk/util-credentials": "3.23.0",
        "tslib": "^2.3.0"
      }
    },
    "@aws-sdk/credential-provider-node": {
      "version": "3.26.0",
      "resolved": "https://registry.npmjs.org/@aws-sdk/credential-provider-node/-/credential-provider-node-3.26.0.tgz",
      "integrity": "sha512-YfoRgcsUTjQhsPzOKr+69vJmkTtKhsBUx4/GHhfNbzM64owc8J95yGeAcQuPj16VLfRSdDFzGwPB6oY0g5Avyw==",
      "dev": true,
      "requires": {
        "@aws-sdk/credential-provider-env": "3.25.0",
        "@aws-sdk/credential-provider-imds": "3.26.0",
        "@aws-sdk/credential-provider-ini": "3.26.0",
        "@aws-sdk/credential-provider-process": "3.25.0",
        "@aws-sdk/credential-provider-sso": "3.25.0",
        "@aws-sdk/credential-provider-web-identity": "3.25.0",
        "@aws-sdk/property-provider": "3.25.0",
        "@aws-sdk/shared-ini-file-loader": "3.23.0",
        "@aws-sdk/types": "3.25.0",
        "@aws-sdk/util-credentials": "3.23.0",
        "tslib": "^2.3.0"
      }
    },
    "@aws-sdk/credential-provider-process": {
      "version": "3.25.0",
      "resolved": "https://registry.npmjs.org/@aws-sdk/credential-provider-process/-/credential-provider-process-3.25.0.tgz",
      "integrity": "sha512-qMldWWDvvy6Q+HMcTAVWUJP7MLjLXqf0P08Vb5oGYOlyh4TCJDorccRVVsQvutjQggpBaIMTQdzjdamqtZ1y+w==",
      "dev": true,
      "requires": {
        "@aws-sdk/property-provider": "3.25.0",
        "@aws-sdk/shared-ini-file-loader": "3.23.0",
        "@aws-sdk/types": "3.25.0",
        "@aws-sdk/util-credentials": "3.23.0",
        "tslib": "^2.3.0"
      }
    },
    "@aws-sdk/credential-provider-sso": {
      "version": "3.25.0",
      "resolved": "https://registry.npmjs.org/@aws-sdk/credential-provider-sso/-/credential-provider-sso-3.25.0.tgz",
      "integrity": "sha512-cGP1Zcw2fZHn4CYGgq4soody4x5TrsWk0Pf9F8yCjRMSSZqs3rj0+PrXy4xqkiLCvTSrse6p4e4wMMpaFAm7Tg==",
      "dev": true,
      "requires": {
        "@aws-sdk/client-sso": "3.25.0",
        "@aws-sdk/property-provider": "3.25.0",
        "@aws-sdk/shared-ini-file-loader": "3.23.0",
        "@aws-sdk/types": "3.25.0",
        "@aws-sdk/util-credentials": "3.23.0",
        "tslib": "^2.3.0"
      }
    },
    "@aws-sdk/credential-provider-web-identity": {
      "version": "3.25.0",
      "resolved": "https://registry.npmjs.org/@aws-sdk/credential-provider-web-identity/-/credential-provider-web-identity-3.25.0.tgz",
      "integrity": "sha512-6NvOaynsXGuNYbrGzT5h+kkGMaKtAI6zKgPqS/20NKlO5PJc9Eo56Hdbq0gBohXSBzRJE5Jx/1OOrTdvRlwniw==",
      "dev": true,
      "requires": {
        "@aws-sdk/property-provider": "3.25.0",
        "@aws-sdk/types": "3.25.0",
        "tslib": "^2.3.0"
      }
    },
    "@aws-sdk/fetch-http-handler": {
      "version": "3.25.0",
      "resolved": "https://registry.npmjs.org/@aws-sdk/fetch-http-handler/-/fetch-http-handler-3.25.0.tgz",
      "integrity": "sha512-792kkbfSRBdiFb7Q2cDJts9MKxzAwuQSwUIwRKAOMazU8HkKbKnXXAFSsK3T7VasOFOh7O7YEGN0q9UgEw1q+g==",
      "dev": true,
      "requires": {
        "@aws-sdk/protocol-http": "3.25.0",
        "@aws-sdk/querystring-builder": "3.25.0",
        "@aws-sdk/types": "3.25.0",
        "@aws-sdk/util-base64-browser": "3.23.0",
        "tslib": "^2.3.0"
      }
    },
    "@aws-sdk/hash-node": {
      "version": "3.25.0",
      "resolved": "https://registry.npmjs.org/@aws-sdk/hash-node/-/hash-node-3.25.0.tgz",
      "integrity": "sha512-qRn6iqG9VLt8D29SBABcbauDLn92ssMjtpyVApiOhDYyFm2VA2avomOHD6y2PRBMwM5FMQAygZbpA2HIN2F96w==",
      "dev": true,
      "requires": {
        "@aws-sdk/types": "3.25.0",
        "@aws-sdk/util-buffer-from": "3.23.0",
        "tslib": "^2.3.0"
      }
    },
    "@aws-sdk/invalid-dependency": {
      "version": "3.25.0",
      "resolved": "https://registry.npmjs.org/@aws-sdk/invalid-dependency/-/invalid-dependency-3.25.0.tgz",
      "integrity": "sha512-ZBXjBAF2JSiO/wGBa1oaXsd1q5YG3diS8TfIUMXeQoe9O66R5LGoGOQeAbB/JjlwFot6DZfAcfocvl6CtWwqkw==",
      "dev": true,
      "requires": {
        "@aws-sdk/types": "3.25.0",
        "tslib": "^2.3.0"
      }
    },
    "@aws-sdk/is-array-buffer": {
      "version": "3.23.0",
      "resolved": "https://registry.npmjs.org/@aws-sdk/is-array-buffer/-/is-array-buffer-3.23.0.tgz",
      "integrity": "sha512-XN20/scFthok0lCbjtinW77CoIBoar8cbOzmu+HkYTnBBpJrF6Ai5g9sgglO8r+X+OLn4PrDrTP+BxdpNuIh9g==",
      "dev": true,
      "requires": {
        "tslib": "^2.3.0"
      }
    },
    "@aws-sdk/middleware-content-length": {
      "version": "3.25.0",
      "resolved": "https://registry.npmjs.org/@aws-sdk/middleware-content-length/-/middleware-content-length-3.25.0.tgz",
      "integrity": "sha512-uOXus0MmZi/mucRIr5yfwM1vDhYG66CujNfnhyEaq5f4kcDA1Q5qPWSn9dkQPV9JWTZK3WTuYiOPSgtmlAYTAg==",
      "dev": true,
      "requires": {
        "@aws-sdk/protocol-http": "3.25.0",
        "@aws-sdk/types": "3.25.0",
        "tslib": "^2.3.0"
      }
    },
    "@aws-sdk/middleware-host-header": {
      "version": "3.25.0",
      "resolved": "https://registry.npmjs.org/@aws-sdk/middleware-host-header/-/middleware-host-header-3.25.0.tgz",
      "integrity": "sha512-xKD/CfsUS3ul2VaQ3IgIUXgA7jU2/Guo/DUhYKrLZTOxm0nuvsIFw0RqSCtRBCLptE5Qi+unkc1LcFDbfqrRbg==",
      "dev": true,
      "requires": {
        "@aws-sdk/protocol-http": "3.25.0",
        "@aws-sdk/types": "3.25.0",
        "tslib": "^2.3.0"
      }
    },
    "@aws-sdk/middleware-logger": {
      "version": "3.25.0",
      "resolved": "https://registry.npmjs.org/@aws-sdk/middleware-logger/-/middleware-logger-3.25.0.tgz",
      "integrity": "sha512-M1F7BlAsDKoEM8hBaU2pHlLSM40rzzgtZ6jFNhfmTwGcjxe1N7JXCH5QPa7aI8wnJq2RoIRHVfVsUH4GwvOZnA==",
      "dev": true,
      "requires": {
        "@aws-sdk/types": "3.25.0",
        "tslib": "^2.3.0"
      }
    },
    "@aws-sdk/middleware-retry": {
      "version": "3.25.0",
      "resolved": "https://registry.npmjs.org/@aws-sdk/middleware-retry/-/middleware-retry-3.25.0.tgz",
      "integrity": "sha512-SzdWPo4ESUR6AXvIf4eC8s5sko2G9Hou6cUIr+BWI4h7whA32j/aWUmvcMHxWT/eaSuPeruXrnvKyLvuM0RjJg==",
      "dev": true,
      "requires": {
        "@aws-sdk/protocol-http": "3.25.0",
        "@aws-sdk/service-error-classification": "3.25.0",
        "@aws-sdk/types": "3.25.0",
        "tslib": "^2.3.0",
        "uuid": "^8.3.2"
      }
    },
    "@aws-sdk/middleware-sdk-sts": {
      "version": "3.25.0",
      "resolved": "https://registry.npmjs.org/@aws-sdk/middleware-sdk-sts/-/middleware-sdk-sts-3.25.0.tgz",
      "integrity": "sha512-1SoZZTVejo+32eH0WqXaFvt/NIkVEYWquh3OJpkghMi2oOnMfeIRI0uSoqshL6949f4iSfUvvtuzDpyA7XNCQA==",
      "dev": true,
      "requires": {
        "@aws-sdk/middleware-signing": "3.25.0",
        "@aws-sdk/property-provider": "3.25.0",
        "@aws-sdk/protocol-http": "3.25.0",
        "@aws-sdk/signature-v4": "3.25.0",
        "@aws-sdk/types": "3.25.0",
        "tslib": "^2.3.0"
      }
    },
    "@aws-sdk/middleware-serde": {
      "version": "3.25.0",
      "resolved": "https://registry.npmjs.org/@aws-sdk/middleware-serde/-/middleware-serde-3.25.0.tgz",
      "integrity": "sha512-065Kugo8yXzBkcVAxctxFCHKlHcINnaQRsJ8ifvgc+UOEgvTG9+LfGWDwfdgarW9CkF7RkCoZOyaqFsO+HJWsg==",
      "dev": true,
      "requires": {
        "@aws-sdk/types": "3.25.0",
        "tslib": "^2.3.0"
      }
    },
    "@aws-sdk/middleware-signing": {
      "version": "3.25.0",
      "resolved": "https://registry.npmjs.org/@aws-sdk/middleware-signing/-/middleware-signing-3.25.0.tgz",
      "integrity": "sha512-FkhxGMV3UY5HIAwUcarfxdq/CF/tYukdg+bkbTNluMpkcJczqn6shpEIQAGa5FFQP3Lya+STL1NuNXfOP7bG9w==",
      "dev": true,
      "requires": {
        "@aws-sdk/property-provider": "3.25.0",
        "@aws-sdk/protocol-http": "3.25.0",
        "@aws-sdk/signature-v4": "3.25.0",
        "@aws-sdk/types": "3.25.0",
        "tslib": "^2.3.0"
      }
    },
    "@aws-sdk/middleware-stack": {
      "version": "3.25.0",
      "resolved": "https://registry.npmjs.org/@aws-sdk/middleware-stack/-/middleware-stack-3.25.0.tgz",
      "integrity": "sha512-s2VgdsasOVKHY3/SIGsw9AeZMMsdcIbBGWim9n5IO3j8C8y54EdRLVCEja8ePvMDZKIzuummwatYPHaUrnqPtQ==",
      "dev": true,
      "requires": {
        "tslib": "^2.3.0"
      }
    },
    "@aws-sdk/middleware-user-agent": {
      "version": "3.25.0",
      "resolved": "https://registry.npmjs.org/@aws-sdk/middleware-user-agent/-/middleware-user-agent-3.25.0.tgz",
      "integrity": "sha512-HXd/Qknq8Cp7fzJYU7jDDpN7ReJ3arUrnt+dAPNaDDrhmrBbCZp+24UXN6X6DAj0JICRoRuF/l7KxjwdF5FShw==",
      "dev": true,
      "requires": {
        "@aws-sdk/protocol-http": "3.25.0",
        "@aws-sdk/types": "3.25.0",
        "tslib": "^2.3.0"
      }
    },
    "@aws-sdk/node-config-provider": {
      "version": "3.25.0",
      "resolved": "https://registry.npmjs.org/@aws-sdk/node-config-provider/-/node-config-provider-3.25.0.tgz",
      "integrity": "sha512-95FiUDuh1YGo0Giti0Xz9l2TV0Wzw75M1xx0TduFcm1dpLKl+znxTgYh+4G+MOSMHNGy+6K91yxurv4PGYgCWw==",
      "dev": true,
      "requires": {
        "@aws-sdk/property-provider": "3.25.0",
        "@aws-sdk/shared-ini-file-loader": "3.23.0",
        "@aws-sdk/types": "3.25.0",
        "tslib": "^2.3.0"
      }
    },
    "@aws-sdk/node-http-handler": {
      "version": "3.25.0",
      "resolved": "https://registry.npmjs.org/@aws-sdk/node-http-handler/-/node-http-handler-3.25.0.tgz",
      "integrity": "sha512-zVeAM/bXewZiuMtcUZI/xGDID6knkzOv73ueVkzUbP0Ki8bfao7diR3hMbIt5Fy/r8cAVjJce9v6zFqo4sr1WA==",
      "dev": true,
      "requires": {
        "@aws-sdk/abort-controller": "3.25.0",
        "@aws-sdk/protocol-http": "3.25.0",
        "@aws-sdk/querystring-builder": "3.25.0",
        "@aws-sdk/types": "3.25.0",
        "tslib": "^2.3.0"
      }
    },
    "@aws-sdk/property-provider": {
      "version": "3.25.0",
      "resolved": "https://registry.npmjs.org/@aws-sdk/property-provider/-/property-provider-3.25.0.tgz",
      "integrity": "sha512-jUnPDguLWsyGLPfdxGdeaXe3j/CjS3kxBmctvI+soZg57rA2hntP9rm7SUZ2+5rj4mmJaI3bzchiaY3kE3JmpA==",
      "dev": true,
      "requires": {
        "@aws-sdk/types": "3.25.0",
        "tslib": "^2.3.0"
      }
    },
    "@aws-sdk/protocol-http": {
      "version": "3.25.0",
      "resolved": "https://registry.npmjs.org/@aws-sdk/protocol-http/-/protocol-http-3.25.0.tgz",
      "integrity": "sha512-4Jebt5G8uIFa+HZO7KOgOtA66E/CXysQekiV5dfAsU8ca+rX5PB6qhpWZ2unX/l6He+oDQ0zMoW70JkNiP4/4w==",
      "dev": true,
      "requires": {
        "@aws-sdk/types": "3.25.0",
        "tslib": "^2.3.0"
      }
    },
    "@aws-sdk/querystring-builder": {
      "version": "3.25.0",
      "resolved": "https://registry.npmjs.org/@aws-sdk/querystring-builder/-/querystring-builder-3.25.0.tgz",
      "integrity": "sha512-o/R3/viOxjWckI+kepkxJSL7fIdg1hHYOW/rOpo9HbXS0CJrHVnB8vlBb+Xwl1IFyY2gg+5YZTjiufcgpgRBkw==",
      "dev": true,
      "requires": {
        "@aws-sdk/types": "3.25.0",
        "@aws-sdk/util-uri-escape": "3.23.0",
        "tslib": "^2.3.0"
      }
    },
    "@aws-sdk/querystring-parser": {
      "version": "3.25.0",
      "resolved": "https://registry.npmjs.org/@aws-sdk/querystring-parser/-/querystring-parser-3.25.0.tgz",
      "integrity": "sha512-FCNyaOLFLVS5j43MhVA7/VJUDX0t/9RyNTNulHgzFjj6ffsgqcY0uwUq1RO3QCL4asl56zOrLVJgK+Z7wMbvFg==",
      "dev": true,
      "requires": {
        "@aws-sdk/types": "3.25.0",
        "tslib": "^2.3.0"
      }
    },
    "@aws-sdk/service-error-classification": {
      "version": "3.25.0",
      "resolved": "https://registry.npmjs.org/@aws-sdk/service-error-classification/-/service-error-classification-3.25.0.tgz",
      "integrity": "sha512-66FfIab87LnnHtOLrGrVOht9Pw6lE8appyOpBdtoeoU5DP7ARSWuDdsYmKdGdRCWvn/RaVFbSYua9k0M1WsGqg==",
      "dev": true
    },
    "@aws-sdk/shared-ini-file-loader": {
      "version": "3.23.0",
      "resolved": "https://registry.npmjs.org/@aws-sdk/shared-ini-file-loader/-/shared-ini-file-loader-3.23.0.tgz",
      "integrity": "sha512-YUp46l6E3dLKHp1cKMkZI4slTjsVc/Lm7nPCTVc3oQvZ1MvC99N/jMCmZ7X5YYofuAUSdc9eJ8sYiF2BnUww9g==",
      "dev": true,
      "requires": {
        "tslib": "^2.3.0"
      }
    },
    "@aws-sdk/signature-v4": {
      "version": "3.25.0",
      "resolved": "https://registry.npmjs.org/@aws-sdk/signature-v4/-/signature-v4-3.25.0.tgz",
      "integrity": "sha512-6KDRRz9XVrj9RxrBLC6dzfnb2TDl3CjIzcNpLdRuKFgzEEdwV+5D+EZuAQU3MuHG5pWTIwG72k/dmCbJ2MDPUQ==",
      "dev": true,
      "requires": {
        "@aws-sdk/is-array-buffer": "3.23.0",
        "@aws-sdk/types": "3.25.0",
        "@aws-sdk/util-hex-encoding": "3.23.0",
        "@aws-sdk/util-uri-escape": "3.23.0",
        "tslib": "^2.3.0"
      }
    },
    "@aws-sdk/smithy-client": {
      "version": "3.25.0",
      "resolved": "https://registry.npmjs.org/@aws-sdk/smithy-client/-/smithy-client-3.25.0.tgz",
      "integrity": "sha512-+/iMCNziL5/muaY/gl3xkRsSZyeoVCUSjSbbZjDIXbqDbB9SOz4o3UAIgWHoCgYNfsF25GQR6rThLi61FrSyoQ==",
      "dev": true,
      "requires": {
        "@aws-sdk/middleware-stack": "3.25.0",
        "@aws-sdk/types": "3.25.0",
        "tslib": "^2.3.0"
      }
    },
    "@aws-sdk/types": {
      "version": "3.25.0",
      "resolved": "https://registry.npmjs.org/@aws-sdk/types/-/types-3.25.0.tgz",
      "integrity": "sha512-vS0+cTKwj6CujlR07HmeEBxzWPWSrdmZMYnxn/QC9KW9dFu0lsyCGSCqWsFluI6GI0flsnYYWNkP5y4bfD9tqg==",
      "dev": true
    },
    "@aws-sdk/url-parser": {
      "version": "3.25.0",
      "resolved": "https://registry.npmjs.org/@aws-sdk/url-parser/-/url-parser-3.25.0.tgz",
      "integrity": "sha512-qZ3Vq0NjHsE7Qq6R5NVRswIAsiyYjCDnAV+/Vt4jU/K0V3mGumiasiJyRyblW4Da8R6kfcJk0mHSMFRJfoHh8Q==",
      "dev": true,
      "requires": {
        "@aws-sdk/querystring-parser": "3.25.0",
        "@aws-sdk/types": "3.25.0",
        "tslib": "^2.3.0"
      }
    },
    "@aws-sdk/util-base64-browser": {
      "version": "3.23.0",
      "resolved": "https://registry.npmjs.org/@aws-sdk/util-base64-browser/-/util-base64-browser-3.23.0.tgz",
      "integrity": "sha512-xlI/qw+uhLJWa3k0mRtRHQ42v5QzsMFEUXScredQMfJ/34qzXyocsG6OHPOTV1I8WSANrxnHR5m1Ae3iU6JuVw==",
      "dev": true,
      "requires": {
        "tslib": "^2.3.0"
      }
    },
    "@aws-sdk/util-base64-node": {
      "version": "3.23.0",
      "resolved": "https://registry.npmjs.org/@aws-sdk/util-base64-node/-/util-base64-node-3.23.0.tgz",
      "integrity": "sha512-Kf8JIAUtjrPcD5CJzrig2B5CtegWswUNpW4zBarww/UJhHlp8WzKlCxxA+yNS1ghT0ZMjrRvxPabKDGpkyUfmQ==",
      "dev": true,
      "requires": {
        "@aws-sdk/util-buffer-from": "3.23.0",
        "tslib": "^2.3.0"
      }
    },
    "@aws-sdk/util-body-length-browser": {
      "version": "3.23.0",
      "resolved": "https://registry.npmjs.org/@aws-sdk/util-body-length-browser/-/util-body-length-browser-3.23.0.tgz",
      "integrity": "sha512-Bi6u/5omQbOBSB5BxqVvaPgVplLRjhhSuqK3XAukbeBPh7lcibIBdy7YvbhQyl4i8Hb2QjFnqqfzA0lNBe5eiw==",
      "dev": true,
      "requires": {
        "tslib": "^2.3.0"
      }
    },
    "@aws-sdk/util-body-length-node": {
      "version": "3.23.0",
      "resolved": "https://registry.npmjs.org/@aws-sdk/util-body-length-node/-/util-body-length-node-3.23.0.tgz",
      "integrity": "sha512-8kSczloA78mikPaJ742SU9Wpwfcz3HOruoXiP/pOy69UZEsMe4P7zTZI1bo8BAp7j6IFUPCXth9E3UAtkbz+CQ==",
      "dev": true,
      "requires": {
        "tslib": "^2.3.0"
      }
    },
    "@aws-sdk/util-buffer-from": {
      "version": "3.23.0",
      "resolved": "https://registry.npmjs.org/@aws-sdk/util-buffer-from/-/util-buffer-from-3.23.0.tgz",
      "integrity": "sha512-axXy1FvEOM1uECgMPmyHF1S3Hd7JI+BerhhcAlGig0bbqUsZVQUNL9yhOsWreA+nf1v08Ucj8P2SHPCT9Hvpgg==",
      "dev": true,
      "requires": {
        "@aws-sdk/is-array-buffer": "3.23.0",
        "tslib": "^2.3.0"
      }
    },
    "@aws-sdk/util-credentials": {
      "version": "3.23.0",
      "resolved": "https://registry.npmjs.org/@aws-sdk/util-credentials/-/util-credentials-3.23.0.tgz",
      "integrity": "sha512-6TDGZnFa0kZr+vSsWXXMfWt347jbMGKtzGnBxbrmiQgZMijz9s/wLYxsjglZ+CyqI/QrSMOTtqy6mEgJxdnGWQ==",
      "dev": true,
      "requires": {
        "@aws-sdk/shared-ini-file-loader": "3.23.0",
        "tslib": "^2.3.0"
      }
    },
    "@aws-sdk/util-hex-encoding": {
      "version": "3.23.0",
      "resolved": "https://registry.npmjs.org/@aws-sdk/util-hex-encoding/-/util-hex-encoding-3.23.0.tgz",
      "integrity": "sha512-RFDCwNrJMmmPSMVRadxRNePqTXGwtL9s4844x44D0bbGg1TdC42rrg0PRKYkxFL7wd1FbibVQOzciZAvzF+Z+w==",
      "dev": true,
      "requires": {
        "tslib": "^2.3.0"
      }
    },
    "@aws-sdk/util-locate-window": {
      "version": "3.23.0",
      "resolved": "https://registry.npmjs.org/@aws-sdk/util-locate-window/-/util-locate-window-3.23.0.tgz",
      "integrity": "sha512-mM8kWW7SWIxCshkNllpYqCQi5SzwJ+sv5nURhtquOB5/H3qGqZm0V5lUE3qpE1AYmqKwk6qbGUy1woFn1T5nrw==",
      "dev": true,
      "requires": {
        "tslib": "^2.3.0"
      }
    },
    "@aws-sdk/util-uri-escape": {
      "version": "3.23.0",
      "resolved": "https://registry.npmjs.org/@aws-sdk/util-uri-escape/-/util-uri-escape-3.23.0.tgz",
      "integrity": "sha512-SvQx2E/FDlI5vLT67wwn/k1j2R/G58tYj4Te6GNgEwPGL43X2+7c0+d/WTgndMaRvxSBHZMUTxBYh1HOeU7loA==",
      "dev": true,
      "requires": {
        "tslib": "^2.3.0"
      }
    },
    "@aws-sdk/util-user-agent-browser": {
      "version": "3.25.0",
      "resolved": "https://registry.npmjs.org/@aws-sdk/util-user-agent-browser/-/util-user-agent-browser-3.25.0.tgz",
      "integrity": "sha512-qGqiWfs49NRmQVXPsBXgMRVkjDZocicU0V2wak98e0t7TOI+KmP8hnwsTkE6c4KwhsFOOUhAzjn5zk3kOwi6tQ==",
      "dev": true,
      "requires": {
        "@aws-sdk/types": "3.25.0",
        "bowser": "^2.11.0",
        "tslib": "^2.3.0"
      }
    },
    "@aws-sdk/util-user-agent-node": {
      "version": "3.25.0",
      "resolved": "https://registry.npmjs.org/@aws-sdk/util-user-agent-node/-/util-user-agent-node-3.25.0.tgz",
      "integrity": "sha512-4AWyCNP3n/qxv36OS+WH3l4ooRvwyfdbYWFXNXeGcxMcLANDG0upJQRT1g7H8+/afMaJ6v/BQM/H6tdocJSKjQ==",
      "dev": true,
      "requires": {
        "@aws-sdk/node-config-provider": "3.25.0",
        "@aws-sdk/types": "3.25.0",
        "tslib": "^2.3.0"
      }
    },
    "@aws-sdk/util-utf8-browser": {
      "version": "3.23.0",
      "resolved": "https://registry.npmjs.org/@aws-sdk/util-utf8-browser/-/util-utf8-browser-3.23.0.tgz",
      "integrity": "sha512-fSB95AKnvCnAbCd7o0xLbErfAgD9wnLCaEu23AgfGAiaG3nFF8Z2+wtjebU/9Z4RI9d/x83Ho/yguRnJdkMsPA==",
      "dev": true,
      "requires": {
        "tslib": "^2.3.0"
      }
    },
    "@aws-sdk/util-utf8-node": {
      "version": "3.23.0",
      "resolved": "https://registry.npmjs.org/@aws-sdk/util-utf8-node/-/util-utf8-node-3.23.0.tgz",
      "integrity": "sha512-yao8+8okyfCxRvxZe3GBdO7lJnQEBf3P6rDgleOQD/0DZmMjOQGXCvDd42oagE2TegXhkUnJfVOZU2GqdoR0hg==",
      "dev": true,
      "requires": {
        "@aws-sdk/util-buffer-from": "3.23.0",
        "tslib": "^2.3.0"
      }
    },
    "@aws-sdk/util-waiter": {
      "version": "3.25.0",
      "resolved": "https://registry.npmjs.org/@aws-sdk/util-waiter/-/util-waiter-3.25.0.tgz",
      "integrity": "sha512-rhJ7Q2fcPD8y4H0qNEpaspkSUya0OaNcVrca9wCZKs7jWnropPzrQ+e2MH7fWJ/8jgcBV890+Txr4fWkD4J01g==",
      "dev": true,
      "requires": {
        "@aws-sdk/abort-controller": "3.25.0",
        "@aws-sdk/types": "3.25.0",
        "tslib": "^2.3.0"
      }
    },
    "@types/aws-lambda": {
      "version": "8.10.82",
      "resolved": "https://registry.npmjs.org/@types/aws-lambda/-/aws-lambda-8.10.82.tgz",
      "integrity": "sha512-sJo8pz8hu+OzLRAj7Do2g66zYLizWtB3kGK6K45RWmGW+S54XXMoK3sNbvzKXfndBxYiSVExHoCNiSlt2gPmxw==",
      "dev": true
    },
    "@types/node": {
      "version": "16.6.2",
      "resolved": "https://registry.npmjs.org/@types/node/-/node-16.6.2.tgz",
      "integrity": "sha512-LSw8TZt12ZudbpHc6EkIyDM3nHVWKYrAvGy6EAJfNfjusbwnThqjqxUKKRwuV3iWYeW/LYMzNgaq3MaLffQ2xA==",
      "dev": true
    },
    "bowser": {
      "version": "2.11.0",
      "resolved": "https://registry.npmjs.org/bowser/-/bowser-2.11.0.tgz",
      "integrity": "sha512-AlcaJBi/pqqJBIQ8U9Mcpc9i8Aqxn88Skv5d+xBX006BY5u8N3mGLHa5Lgppa7L/HfwgwLgZ6NYs+Ag6uUmJRA==",
      "dev": true
    },
    "entities": {
      "version": "2.2.0",
      "resolved": "https://registry.npmjs.org/entities/-/entities-2.2.0.tgz",
      "integrity": "sha512-p92if5Nz619I0w+akJrLZH0MX0Pb5DX39XOwQTtXSdQQOaYH03S1uIQp4mhOZtAXrxq4ViO67YTiLBo2638o9A==",
      "dev": true
    },
    "fast-xml-parser": {
      "version": "3.19.0",
      "resolved": "https://registry.npmjs.org/fast-xml-parser/-/fast-xml-parser-3.19.0.tgz",
      "integrity": "sha512-4pXwmBplsCPv8FOY1WRakF970TjNGnGnfbOnLqjlYvMiF1SR3yOHyxMR/YCXpPTOspNF5gwudqktIP4VsWkvBg==",
      "dev": true
    },
    "tslib": {
      "version": "2.3.1",
      "resolved": "https://registry.npmjs.org/tslib/-/tslib-2.3.1.tgz",
      "integrity": "sha512-77EbyPPpMz+FRFRuAFlWMtmgUWGe9UOG2Z25NqCwiIjRhOf5iKGuzSe5P2w1laq+FkRy4p+PCuVkJSGkzTEKVw==",
      "dev": true
    },
    "typescript": {
      "version": "4.3.5",
      "resolved": "https://registry.npmjs.org/typescript/-/typescript-4.3.5.tgz",
      "integrity": "sha512-DqQgihaQ9cUrskJo9kIyW/+g0Vxsk8cDtZ52a3NGh0YNTfpUSArXSohyUGnvbPazEPLu398C0UxmKSOrPumUzA==",
      "dev": true
    },
    "uuid": {
      "version": "8.3.2",
      "resolved": "https://registry.npmjs.org/uuid/-/uuid-8.3.2.tgz",
      "integrity": "sha512-+NYs2QeMWy+GWFOEm9xnn6HCDp0l7QBD7ml8zLUmJ+93Q5NF0NocErnwkTkXVFNiX3/fpC6afS8Dhb/gz7R7eg==",
      "dev": true
    }
  }
}
